// !$*UTF8*$!
{
	archiveVersion = 1;
	classes = {
	};
	objectVersion = 56;
	objects = {

/* Begin PBXBuildFile section */
		CC139D162976F00600BB5929 /* AuthResponse.swift in Sources */ = {isa = PBXBuildFile; fileRef = CC139D152976F00600BB5929 /* AuthResponse.swift */; };
		CCF86A2A2970323C006A33C4 /* AppDelegate.swift in Sources */ = {isa = PBXBuildFile; fileRef = CCF86A292970323C006A33C4 /* AppDelegate.swift */; };
		CCF86A2C2970323C006A33C4 /* SceneDelegate.swift in Sources */ = {isa = PBXBuildFile; fileRef = CCF86A2B2970323C006A33C4 /* SceneDelegate.swift */; };
		CCF86A2E2970323C006A33C4 /* HomeViewController.swift in Sources */ = {isa = PBXBuildFile; fileRef = CCF86A2D2970323C006A33C4 /* HomeViewController.swift */; };
		CCF86A332970323D006A33C4 /* Assets.xcassets in Resources */ = {isa = PBXBuildFile; fileRef = CCF86A322970323D006A33C4 /* Assets.xcassets */; };
		CCF86A362970323D006A33C4 /* LaunchScreen.storyboard in Resources */ = {isa = PBXBuildFile; fileRef = CCF86A342970323D006A33C4 /* LaunchScreen.storyboard */; };
		CCF86A46297037D9006A33C4 /* SearchViewController.swift in Sources */ = {isa = PBXBuildFile; fileRef = CCF86A45297037D9006A33C4 /* SearchViewController.swift */; };
		CCF86A48297037E5006A33C4 /* LibraryViewController.swift in Sources */ = {isa = PBXBuildFile; fileRef = CCF86A47297037E5006A33C4 /* LibraryViewController.swift */; };
		CCF86A4A29703830006A33C4 /* TabBarViewController.swift in Sources */ = {isa = PBXBuildFile; fileRef = CCF86A4929703830006A33C4 /* TabBarViewController.swift */; };
		CCF86A4E2970389D006A33C4 /* AuthViewController.swift in Sources */ = {isa = PBXBuildFile; fileRef = CCF86A4D2970389D006A33C4 /* AuthViewController.swift */; };
		CCF86A50297038A8006A33C4 /* WelcomeViewController.swift in Sources */ = {isa = PBXBuildFile; fileRef = CCF86A4F297038A8006A33C4 /* WelcomeViewController.swift */; };
		CCF86A52297038B1006A33C4 /* SettingsViewController.swift in Sources */ = {isa = PBXBuildFile; fileRef = CCF86A51297038B1006A33C4 /* SettingsViewController.swift */; };
		CCF86A54297038BD006A33C4 /* ProfileViewController.swift in Sources */ = {isa = PBXBuildFile; fileRef = CCF86A53297038BD006A33C4 /* ProfileViewController.swift */; };
		CCF86A56297038C6006A33C4 /* PlayerViewController.swift in Sources */ = {isa = PBXBuildFile; fileRef = CCF86A55297038C6006A33C4 /* PlayerViewController.swift */; };
		CCF86A58297038D6006A33C4 /* PlaylistViewController.swift in Sources */ = {isa = PBXBuildFile; fileRef = CCF86A57297038D6006A33C4 /* PlaylistViewController.swift */; };
		CCF86A5A297038F1006A33C4 /* SearchResultsViewController.swift in Sources */ = {isa = PBXBuildFile; fileRef = CCF86A59297038F1006A33C4 /* SearchResultsViewController.swift */; };
		CCF86A5D29703938006A33C4 /* AuthManager.swift in Sources */ = {isa = PBXBuildFile; fileRef = CCF86A5C29703938006A33C4 /* AuthManager.swift */; };
		CCF86A5F29703942006A33C4 /* APICaller.swift in Sources */ = {isa = PBXBuildFile; fileRef = CCF86A5E29703942006A33C4 /* APICaller.swift */; };
		CCF86A612970395E006A33C4 /* HapticsManager.swift in Sources */ = {isa = PBXBuildFile; fileRef = CCF86A602970395E006A33C4 /* HapticsManager.swift */; };
		CCF86A632970397D006A33C4 /* Playlist.swift in Sources */ = {isa = PBXBuildFile; fileRef = CCF86A622970397D006A33C4 /* Playlist.swift */; };
		CCF86A6529703988006A33C4 /* AudioTrack.swift in Sources */ = {isa = PBXBuildFile; fileRef = CCF86A6429703988006A33C4 /* AudioTrack.swift */; };
		CCF86A6729703990006A33C4 /* Artist.swift in Sources */ = {isa = PBXBuildFile; fileRef = CCF86A6629703990006A33C4 /* Artist.swift */; };
		CCF86A692970399B006A33C4 /* UserProfile.swift in Sources */ = {isa = PBXBuildFile; fileRef = CCF86A682970399B006A33C4 /* UserProfile.swift */; };
		CCF86A6B2972F5E2006A33C4 /* Extensions.swift in Sources */ = {isa = PBXBuildFile; fileRef = CCF86A6A2972F5E2006A33C4 /* Extensions.swift */; };
/* End PBXBuildFile section */

/* Begin PBXFileReference section */
		CC139D152976F00600BB5929 /* AuthResponse.swift */ = {isa = PBXFileReference; lastKnownFileType = sourcecode.swift; path = AuthResponse.swift; sourceTree = "<group>"; };
		CCF86A262970323C006A33C4 /* Spotify.app */ = {isa = PBXFileReference; explicitFileType = wrapper.application; includeInIndex = 0; path = Spotify.app; sourceTree = BUILT_PRODUCTS_DIR; };
		CCF86A292970323C006A33C4 /* AppDelegate.swift */ = {isa = PBXFileReference; lastKnownFileType = sourcecode.swift; path = AppDelegate.swift; sourceTree = "<group>"; };
		CCF86A2B2970323C006A33C4 /* SceneDelegate.swift */ = {isa = PBXFileReference; lastKnownFileType = sourcecode.swift; path = SceneDelegate.swift; sourceTree = "<group>"; };
		CCF86A2D2970323C006A33C4 /* HomeViewController.swift */ = {isa = PBXFileReference; lastKnownFileType = sourcecode.swift; path = HomeViewController.swift; sourceTree = "<group>"; };
		CCF86A322970323D006A33C4 /* Assets.xcassets */ = {isa = PBXFileReference; lastKnownFileType = folder.assetcatalog; path = Assets.xcassets; sourceTree = "<group>"; };
		CCF86A352970323D006A33C4 /* Base */ = {isa = PBXFileReference; lastKnownFileType = file.storyboard; name = Base; path = Base.lproj/LaunchScreen.storyboard; sourceTree = "<group>"; };
		CCF86A372970323D006A33C4 /* Info.plist */ = {isa = PBXFileReference; lastKnownFileType = text.plist.xml; path = Info.plist; sourceTree = "<group>"; };
		CCF86A45297037D9006A33C4 /* SearchViewController.swift */ = {isa = PBXFileReference; lastKnownFileType = sourcecode.swift; path = SearchViewController.swift; sourceTree = "<group>"; };
		CCF86A47297037E5006A33C4 /* LibraryViewController.swift */ = {isa = PBXFileReference; lastKnownFileType = sourcecode.swift; path = LibraryViewController.swift; sourceTree = "<group>"; };
		CCF86A4929703830006A33C4 /* TabBarViewController.swift */ = {isa = PBXFileReference; lastKnownFileType = sourcecode.swift; path = TabBarViewController.swift; sourceTree = "<group>"; };
		CCF86A4D2970389D006A33C4 /* AuthViewController.swift */ = {isa = PBXFileReference; lastKnownFileType = sourcecode.swift; path = AuthViewController.swift; sourceTree = "<group>"; };
		CCF86A4F297038A8006A33C4 /* WelcomeViewController.swift */ = {isa = PBXFileReference; lastKnownFileType = sourcecode.swift; path = WelcomeViewController.swift; sourceTree = "<group>"; };
		CCF86A51297038B1006A33C4 /* SettingsViewController.swift */ = {isa = PBXFileReference; lastKnownFileType = sourcecode.swift; path = SettingsViewController.swift; sourceTree = "<group>"; };
		CCF86A53297038BD006A33C4 /* ProfileViewController.swift */ = {isa = PBXFileReference; lastKnownFileType = sourcecode.swift; path = ProfileViewController.swift; sourceTree = "<group>"; };
		CCF86A55297038C6006A33C4 /* PlayerViewController.swift */ = {isa = PBXFileReference; lastKnownFileType = sourcecode.swift; path = PlayerViewController.swift; sourceTree = "<group>"; };
		CCF86A57297038D6006A33C4 /* PlaylistViewController.swift */ = {isa = PBXFileReference; lastKnownFileType = sourcecode.swift; path = PlaylistViewController.swift; sourceTree = "<group>"; };
		CCF86A59297038F1006A33C4 /* SearchResultsViewController.swift */ = {isa = PBXFileReference; lastKnownFileType = sourcecode.swift; path = SearchResultsViewController.swift; sourceTree = "<group>"; };
		CCF86A5C29703938006A33C4 /* AuthManager.swift */ = {isa = PBXFileReference; lastKnownFileType = sourcecode.swift; path = AuthManager.swift; sourceTree = "<group>"; };
		CCF86A5E29703942006A33C4 /* APICaller.swift */ = {isa = PBXFileReference; lastKnownFileType = sourcecode.swift; path = APICaller.swift; sourceTree = "<group>"; };
		CCF86A602970395E006A33C4 /* HapticsManager.swift */ = {isa = PBXFileReference; lastKnownFileType = sourcecode.swift; path = HapticsManager.swift; sourceTree = "<group>"; };
		CCF86A622970397D006A33C4 /* Playlist.swift */ = {isa = PBXFileReference; lastKnownFileType = sourcecode.swift; path = Playlist.swift; sourceTree = "<group>"; };
		CCF86A6429703988006A33C4 /* AudioTrack.swift */ = {isa = PBXFileReference; lastKnownFileType = sourcecode.swift; path = AudioTrack.swift; sourceTree = "<group>"; };
		CCF86A6629703990006A33C4 /* Artist.swift */ = {isa = PBXFileReference; lastKnownFileType = sourcecode.swift; path = Artist.swift; sourceTree = "<group>"; };
		CCF86A682970399B006A33C4 /* UserProfile.swift */ = {isa = PBXFileReference; lastKnownFileType = sourcecode.swift; path = UserProfile.swift; sourceTree = "<group>"; };
		CCF86A6A2972F5E2006A33C4 /* Extensions.swift */ = {isa = PBXFileReference; lastKnownFileType = sourcecode.swift; path = Extensions.swift; sourceTree = "<group>"; };
/* End PBXFileReference section */

/* Begin PBXFrameworksBuildPhase section */
		CCF86A232970323C006A33C4 /* Frameworks */ = {
			isa = PBXFrameworksBuildPhase;
			buildActionMask = 2147483647;
			files = (
			);
			runOnlyForDeploymentPostprocessing = 0;
		};
/* End PBXFrameworksBuildPhase section */

/* Begin PBXGroup section */
		CCF86A1D2970323C006A33C4 = {
			isa = PBXGroup;
			children = (
				CCF86A282970323C006A33C4 /* Spotify */,
				CCF86A272970323C006A33C4 /* Products */,
			);
			sourceTree = "<group>";
		};
		CCF86A272970323C006A33C4 /* Products */ = {
			isa = PBXGroup;
			children = (
				CCF86A262970323C006A33C4 /* Spotify.app */,
			);
			name = Products;
			sourceTree = "<group>";
		};
		CCF86A282970323C006A33C4 /* Spotify */ = {
			isa = PBXGroup;
			children = (
				CCF86A4229703538006A33C4 /* Resources */,
				CCF86A412970352C006A33C4 /* Managers */,
				CCF86A402970351F006A33C4 /* Models */,
				CCF86A3F29703513006A33C4 /* Views */,
				CCF86A3E29703507006A33C4 /* ViewModels */,
				CCF86A3D29703291006A33C4 /* Controllers */,
				CCF86A372970323D006A33C4 /* Info.plist */,
			);
			path = Spotify;
			sourceTree = "<group>";
		};
		CCF86A3D29703291006A33C4 /* Controllers */ = {
			isa = PBXGroup;
			children = (
				CCF86A4C29703878006A33C4 /* Other */,
				CCF86A4B29703861006A33C4 /* Core */,
			);
			path = Controllers;
			sourceTree = "<group>";
		};
		CCF86A3E29703507006A33C4 /* ViewModels */ = {
			isa = PBXGroup;
			children = (
			);
			path = ViewModels;
			sourceTree = "<group>";
		};
		CCF86A3F29703513006A33C4 /* Views */ = {
			isa = PBXGroup;
			children = (
				CCF86A342970323D006A33C4 /* LaunchScreen.storyboard */,
			);
			path = Views;
			sourceTree = "<group>";
		};
		CCF86A402970351F006A33C4 /* Models */ = {
			isa = PBXGroup;
			children = (
				CCF86A622970397D006A33C4 /* Playlist.swift */,
				CCF86A6429703988006A33C4 /* AudioTrack.swift */,
				CCF86A6629703990006A33C4 /* Artist.swift */,
				CCF86A682970399B006A33C4 /* UserProfile.swift */,
				CC139D152976F00600BB5929 /* AuthResponse.swift */,
			);
			path = Models;
			sourceTree = "<group>";
		};
		CCF86A412970352C006A33C4 /* Managers */ = {
			isa = PBXGroup;
			children = (
				CCF86A5C29703938006A33C4 /* AuthManager.swift */,
				CCF86A5E29703942006A33C4 /* APICaller.swift */,
				CCF86A602970395E006A33C4 /* HapticsManager.swift */,
			);
			path = Managers;
			sourceTree = "<group>";
		};
		CCF86A4229703538006A33C4 /* Resources */ = {
			isa = PBXGroup;
			children = (
				CCF86A292970323C006A33C4 /* AppDelegate.swift */,
				CCF86A2B2970323C006A33C4 /* SceneDelegate.swift */,
				CCF86A322970323D006A33C4 /* Assets.xcassets */,
				CCF86A6A2972F5E2006A33C4 /* Extensions.swift */,
			);
			path = Resources;
			sourceTree = "<group>";
		};
		CCF86A4B29703861006A33C4 /* Core */ = {
			isa = PBXGroup;
			children = (
				CCF86A2D2970323C006A33C4 /* HomeViewController.swift */,
				CCF86A45297037D9006A33C4 /* SearchViewController.swift */,
				CCF86A47297037E5006A33C4 /* LibraryViewController.swift */,
				CCF86A4929703830006A33C4 /* TabBarViewController.swift */,
			);
			path = Core;
			sourceTree = "<group>";
		};
		CCF86A4C29703878006A33C4 /* Other */ = {
			isa = PBXGroup;
			children = (
				CCF86A4D2970389D006A33C4 /* AuthViewController.swift */,
				CCF86A4F297038A8006A33C4 /* WelcomeViewController.swift */,
				CCF86A51297038B1006A33C4 /* SettingsViewController.swift */,
				CCF86A53297038BD006A33C4 /* ProfileViewController.swift */,
				CCF86A55297038C6006A33C4 /* PlayerViewController.swift */,
				CCF86A57297038D6006A33C4 /* PlaylistViewController.swift */,
				CCF86A59297038F1006A33C4 /* SearchResultsViewController.swift */,
			);
			path = Other;
			sourceTree = "<group>";
		};
/* End PBXGroup section */

/* Begin PBXNativeTarget section */
		CCF86A252970323C006A33C4 /* Spotify */ = {
			isa = PBXNativeTarget;
			buildConfigurationList = CCF86A3A2970323D006A33C4 /* Build configuration list for PBXNativeTarget "Spotify" */;
			buildPhases = (
				CCF86A222970323C006A33C4 /* Sources */,
				CCF86A232970323C006A33C4 /* Frameworks */,
				CCF86A242970323C006A33C4 /* Resources */,
			);
			buildRules = (
			);
			dependencies = (
			);
			name = Spotify;
			productName = Spotify;
			productReference = CCF86A262970323C006A33C4 /* Spotify.app */;
			productType = "com.apple.product-type.application";
		};
/* End PBXNativeTarget section */

/* Begin PBXProject section */
		CCF86A1E2970323C006A33C4 /* Project object */ = {
			isa = PBXProject;
			attributes = {
				BuildIndependentTargetsInParallel = 1;
				LastSwiftUpdateCheck = 1420;
				LastUpgradeCheck = 1420;
				TargetAttributes = {
					CCF86A252970323C006A33C4 = {
						CreatedOnToolsVersion = 14.2;
					};
				};
			};
			buildConfigurationList = CCF86A212970323C006A33C4 /* Build configuration list for PBXProject "Spotify" */;
			compatibilityVersion = "Xcode 14.0";
			developmentRegion = en;
			hasScannedForEncodings = 0;
			knownRegions = (
				en,
				Base,
			);
			mainGroup = CCF86A1D2970323C006A33C4;
			productRefGroup = CCF86A272970323C006A33C4 /* Products */;
			projectDirPath = "";
			projectRoot = "";
			targets = (
				CCF86A252970323C006A33C4 /* Spotify */,
			);
		};
/* End PBXProject section */

/* Begin PBXResourcesBuildPhase section */
		CCF86A242970323C006A33C4 /* Resources */ = {
			isa = PBXResourcesBuildPhase;
			buildActionMask = 2147483647;
			files = (
				CCF86A362970323D006A33C4 /* LaunchScreen.storyboard in Resources */,
				CCF86A332970323D006A33C4 /* Assets.xcassets in Resources */,
			);
			runOnlyForDeploymentPostprocessing = 0;
		};
/* End PBXResourcesBuildPhase section */

/* Begin PBXSourcesBuildPhase section */
		CCF86A222970323C006A33C4 /* Sources */ = {
			isa = PBXSourcesBuildPhase;
			buildActionMask = 2147483647;
			files = (
				CCF86A46297037D9006A33C4 /* SearchViewController.swift in Sources */,
				CCF86A632970397D006A33C4 /* Playlist.swift in Sources */,
				CCF86A5D29703938006A33C4 /* AuthManager.swift in Sources */,
				CCF86A5A297038F1006A33C4 /* SearchResultsViewController.swift in Sources */,
				CCF86A50297038A8006A33C4 /* WelcomeViewController.swift in Sources */,
				CCF86A54297038BD006A33C4 /* ProfileViewController.swift in Sources */,
				CCF86A2E2970323C006A33C4 /* HomeViewController.swift in Sources */,
				CCF86A612970395E006A33C4 /* HapticsManager.swift in Sources */,
				CC139D162976F00600BB5929 /* AuthResponse.swift in Sources */,
				CCF86A6529703988006A33C4 /* AudioTrack.swift in Sources */,
				CCF86A2A2970323C006A33C4 /* AppDelegate.swift in Sources */,
				CCF86A4E2970389D006A33C4 /* AuthViewController.swift in Sources */,
				CCF86A48297037E5006A33C4 /* LibraryViewController.swift in Sources */,
				CCF86A692970399B006A33C4 /* UserProfile.swift in Sources */,
				CCF86A6B2972F5E2006A33C4 /* Extensions.swift in Sources */,
				CCF86A4A29703830006A33C4 /* TabBarViewController.swift in Sources */,
				CCF86A6729703990006A33C4 /* Artist.swift in Sources */,
				CCF86A58297038D6006A33C4 /* PlaylistViewController.swift in Sources */,
				CCF86A2C2970323C006A33C4 /* SceneDelegate.swift in Sources */,
				CCF86A56297038C6006A33C4 /* PlayerViewController.swift in Sources */,
				CCF86A5F29703942006A33C4 /* APICaller.swift in Sources */,
				CCF86A52297038B1006A33C4 /* SettingsViewController.swift in Sources */,
			);
			runOnlyForDeploymentPostprocessing = 0;
		};
/* End PBXSourcesBuildPhase section */

/* Begin PBXVariantGroup section */
		CCF86A342970323D006A33C4 /* LaunchScreen.storyboard */ = {
			isa = PBXVariantGroup;
			children = (
				CCF86A352970323D006A33C4 /* Base */,
			);
			name = LaunchScreen.storyboard;
			sourceTree = "<group>";
		};
/* End PBXVariantGroup section */

/* Begin XCBuildConfiguration section */
		CCF86A382970323D006A33C4 /* Debug */ = {
			isa = XCBuildConfiguration;
			buildSettings = {
				ALWAYS_SEARCH_USER_PATHS = NO;
				CLANG_ANALYZER_NONNULL = YES;
				CLANG_ANALYZER_NUMBER_OBJECT_CONVERSION = YES_AGGRESSIVE;
				CLANG_CXX_LANGUAGE_STANDARD = "gnu++20";
				CLANG_ENABLE_MODULES = YES;
				CLANG_ENABLE_OBJC_ARC = YES;
				CLANG_ENABLE_OBJC_WEAK = YES;
				CLANG_WARN_BLOCK_CAPTURE_AUTORELEASING = YES;
				CLANG_WARN_BOOL_CONVERSION = YES;
				CLANG_WARN_COMMA = YES;
				CLANG_WARN_CONSTANT_CONVERSION = YES;
				CLANG_WARN_DEPRECATED_OBJC_IMPLEMENTATIONS = YES;
				CLANG_WARN_DIRECT_OBJC_ISA_USAGE = YES_ERROR;
				CLANG_WARN_DOCUMENTATION_COMMENTS = YES;
				CLANG_WARN_EMPTY_BODY = YES;
				CLANG_WARN_ENUM_CONVERSION = YES;
				CLANG_WARN_INFINITE_RECURSION = YES;
				CLANG_WARN_INT_CONVERSION = YES;
				CLANG_WARN_NON_LITERAL_NULL_CONVERSION = YES;
				CLANG_WARN_OBJC_IMPLICIT_RETAIN_SELF = YES;
				CLANG_WARN_OBJC_LITERAL_CONVERSION = YES;
				CLANG_WARN_OBJC_ROOT_CLASS = YES_ERROR;
				CLANG_WARN_QUOTED_INCLUDE_IN_FRAMEWORK_HEADER = YES;
				CLANG_WARN_RANGE_LOOP_ANALYSIS = YES;
				CLANG_WARN_STRICT_PROTOTYPES = YES;
				CLANG_WARN_SUSPICIOUS_MOVE = YES;
				CLANG_WARN_UNGUARDED_AVAILABILITY = YES_AGGRESSIVE;
				CLANG_WARN_UNREACHABLE_CODE = YES;
				CLANG_WARN__DUPLICATE_METHOD_MATCH = YES;
				COPY_PHASE_STRIP = NO;
				DEBUG_INFORMATION_FORMAT = dwarf;
				ENABLE_STRICT_OBJC_MSGSEND = YES;
				ENABLE_TESTABILITY = YES;
				GCC_C_LANGUAGE_STANDARD = gnu11;
				GCC_DYNAMIC_NO_PIC = NO;
				GCC_NO_COMMON_BLOCKS = YES;
				GCC_OPTIMIZATION_LEVEL = 0;
				GCC_PREPROCESSOR_DEFINITIONS = (
					"DEBUG=1",
					"$(inherited)",
				);
				GCC_WARN_64_TO_32_BIT_CONVERSION = YES;
				GCC_WARN_ABOUT_RETURN_TYPE = YES_ERROR;
				GCC_WARN_UNDECLARED_SELECTOR = YES;
				GCC_WARN_UNINITIALIZED_AUTOS = YES_AGGRESSIVE;
				GCC_WARN_UNUSED_FUNCTION = YES;
				GCC_WARN_UNUSED_VARIABLE = YES;
				IPHONEOS_DEPLOYMENT_TARGET = 16.2;
				MTL_ENABLE_DEBUG_INFO = INCLUDE_SOURCE;
				MTL_FAST_MATH = YES;
				ONLY_ACTIVE_ARCH = YES;
				SDKROOT = iphoneos;
				SWIFT_ACTIVE_COMPILATION_CONDITIONS = DEBUG;
				SWIFT_OPTIMIZATION_LEVEL = "-Onone";
			};
			name = Debug;
		};
		CCF86A392970323D006A33C4 /* Release */ = {
			isa = XCBuildConfiguration;
			buildSettings = {
				ALWAYS_SEARCH_USER_PATHS = NO;
				CLANG_ANALYZER_NONNULL = YES;
				CLANG_ANALYZER_NUMBER_OBJECT_CONVERSION = YES_AGGRESSIVE;
				CLANG_CXX_LANGUAGE_STANDARD = "gnu++20";
				CLANG_ENABLE_MODULES = YES;
				CLANG_ENABLE_OBJC_ARC = YES;
				CLANG_ENABLE_OBJC_WEAK = YES;
				CLANG_WARN_BLOCK_CAPTURE_AUTORELEASING = YES;
				CLANG_WARN_BOOL_CONVERSION = YES;
				CLANG_WARN_COMMA = YES;
				CLANG_WARN_CONSTANT_CONVERSION = YES;
				CLANG_WARN_DEPRECATED_OBJC_IMPLEMENTATIONS = YES;
				CLANG_WARN_DIRECT_OBJC_ISA_USAGE = YES_ERROR;
				CLANG_WARN_DOCUMENTATION_COMMENTS = YES;
				CLANG_WARN_EMPTY_BODY = YES;
				CLANG_WARN_ENUM_CONVERSION = YES;
				CLANG_WARN_INFINITE_RECURSION = YES;
				CLANG_WARN_INT_CONVERSION = YES;
				CLANG_WARN_NON_LITERAL_NULL_CONVERSION = YES;
				CLANG_WARN_OBJC_IMPLICIT_RETAIN_SELF = YES;
				CLANG_WARN_OBJC_LITERAL_CONVERSION = YES;
				CLANG_WARN_OBJC_ROOT_CLASS = YES_ERROR;
				CLANG_WARN_QUOTED_INCLUDE_IN_FRAMEWORK_HEADER = YES;
				CLANG_WARN_RANGE_LOOP_ANALYSIS = YES;
				CLANG_WARN_STRICT_PROTOTYPES = YES;
				CLANG_WARN_SUSPICIOUS_MOVE = YES;
				CLANG_WARN_UNGUARDED_AVAILABILITY = YES_AGGRESSIVE;
				CLANG_WARN_UNREACHABLE_CODE = YES;
				CLANG_WARN__DUPLICATE_METHOD_MATCH = YES;
				COPY_PHASE_STRIP = NO;
				DEBUG_INFORMATION_FORMAT = "dwarf-with-dsym";
				ENABLE_NS_ASSERTIONS = NO;
				ENABLE_STRICT_OBJC_MSGSEND = YES;
				GCC_C_LANGUAGE_STANDARD = gnu11;
				GCC_NO_COMMON_BLOCKS = YES;
				GCC_WARN_64_TO_32_BIT_CONVERSION = YES;
				GCC_WARN_ABOUT_RETURN_TYPE = YES_ERROR;
				GCC_WARN_UNDECLARED_SELECTOR = YES;
				GCC_WARN_UNINITIALIZED_AUTOS = YES_AGGRESSIVE;
				GCC_WARN_UNUSED_FUNCTION = YES;
				GCC_WARN_UNUSED_VARIABLE = YES;
				IPHONEOS_DEPLOYMENT_TARGET = 16.2;
				MTL_ENABLE_DEBUG_INFO = NO;
				MTL_FAST_MATH = YES;
				SDKROOT = iphoneos;
				SWIFT_COMPILATION_MODE = wholemodule;
				SWIFT_OPTIMIZATION_LEVEL = "-O";
				VALIDATE_PRODUCT = YES;
			};
			name = Release;
		};
		CCF86A3B2970323D006A33C4 /* Debug */ = {
			isa = XCBuildConfiguration;
			buildSettings = {
				ASSETCATALOG_COMPILER_APPICON_NAME = AppIcon;
				ASSETCATALOG_COMPILER_GLOBAL_ACCENT_COLOR_NAME = AccentColor;
				CODE_SIGN_STYLE = Automatic;
				CURRENT_PROJECT_VERSION = 1;
				DEVELOPMENT_TEAM = 36G2J6D7N4;
				GENERATE_INFOPLIST_FILE = YES;
				INFOPLIST_FILE = Spotify/Info.plist;
				INFOPLIST_KEY_UIApplicationSupportsIndirectInputEvents = YES;
				INFOPLIST_KEY_UILaunchStoryboardName = LaunchScreen;
				INFOPLIST_KEY_UISupportedInterfaceOrientations_iPad = "UIInterfaceOrientationPortrait UIInterfaceOrientationPortraitUpsideDown UIInterfaceOrientationLandscapeLeft UIInterfaceOrientationLandscapeRight";
				INFOPLIST_KEY_UISupportedInterfaceOrientations_iPhone = "UIInterfaceOrientationPortrait UIInterfaceOrientationLandscapeLeft UIInterfaceOrientationLandscapeRight";
				LD_RUNPATH_SEARCH_PATHS = (
					"$(inherited)",
					"@executable_path/Frameworks",
				);
				MARKETING_VERSION = 1.0;
				PRODUCT_BUNDLE_IDENTIFIER = com.ridvanyilmaz.Spotify;
				PRODUCT_NAME = "$(TARGET_NAME)";
				SWIFT_EMIT_LOC_STRINGS = YES;
				SWIFT_VERSION = 5.0;
				TARGETED_DEVICE_FAMILY = "1,2";
			};
			name = Debug;
		};
		CCF86A3C2970323D006A33C4 /* Release */ = {
			isa = XCBuildConfiguration;
			buildSettings = {
				ASSETCATALOG_COMPILER_APPICON_NAME = AppIcon;
				ASSETCATALOG_COMPILER_GLOBAL_ACCENT_COLOR_NAME = AccentColor;
				CODE_SIGN_STYLE = Automatic;
				CURRENT_PROJECT_VERSION = 1;
				DEVELOPMENT_TEAM = 36G2J6D7N4;
				GENERATE_INFOPLIST_FILE = YES;
				INFOPLIST_FILE = Spotify/Info.plist;
				INFOPLIST_KEY_UIApplicationSupportsIndirectInputEvents = YES;
				INFOPLIST_KEY_UILaunchStoryboardName = LaunchScreen;
				INFOPLIST_KEY_UISupportedInterfaceOrientations_iPad = "UIInterfaceOrientationPortrait UIInterfaceOrientationPortraitUpsideDown UIInterfaceOrientationLandscapeLeft UIInterfaceOrientationLandscapeRight";
				INFOPLIST_KEY_UISupportedInterfaceOrientations_iPhone = "UIInterfaceOrientationPortrait UIInterfaceOrientationLandscapeLeft UIInterfaceOrientationLandscapeRight";
				LD_RUNPATH_SEARCH_PATHS = (
					"$(inherited)",
					"@executable_path/Frameworks",
				);
				MARKETING_VERSION = 1.0;
				PRODUCT_BUNDLE_IDENTIFIER = com.ridvanyilmaz.Spotify;
				PRODUCT_NAME = "$(TARGET_NAME)";
				SWIFT_EMIT_LOC_STRINGS = YES;
				SWIFT_VERSION = 5.0;
				TARGETED_DEVICE_FAMILY = "1,2";
			};
			name = Release;
		};
/* End XCBuildConfiguration section */

/* Begin XCConfigurationList section */
		CCF86A212970323C006A33C4 /* Build configuration list for PBXProject "Spotify" */ = {
			isa = XCConfigurationList;
			buildConfigurations = (
				CCF86A382970323D006A33C4 /* Debug */,
				CCF86A392970323D006A33C4 /* Release */,
			);
			defaultConfigurationIsVisible = 0;
			defaultConfigurationName = Release;
		};
		CCF86A3A2970323D006A33C4 /* Build configuration list for PBXNativeTarget "Spotify" */ = {
			isa = XCConfigurationList;
			buildConfigurations = (
				CCF86A3B2970323D006A33C4 /* Debug */,
				CCF86A3C2970323D006A33C4 /* Release */,
			);
			defaultConfigurationIsVisible = 0;
			defaultConfigurationName = Release;
		};
/* End XCConfigurationList section */
	};
	rootObject = CCF86A1E2970323C006A33C4 /* Project object */;
}
